// !$*UTF8*$!
{
	archiveVersion = 1;
	classes = {
	};
	objectVersion = 46;
	objects = {

/* Begin PBXBuildFile section */
		86925DF21A338FCC0038E701 /* main.m in Sources */ = {isa = PBXBuildFile; fileRef = 86925DF11A338FCC0038E701 /* main.m */; };
		86925DF51A338FCC0038E701 /* AppDelegate.m in Sources */ = {isa = PBXBuildFile; fileRef = 86925DF41A338FCC0038E701 /* AppDelegate.m */; };
		86925DFB1A338FCC0038E701 /* Main.storyboard in Resources */ = {isa = PBXBuildFile; fileRef = 86925DF91A338FCC0038E701 /* Main.storyboard */; };
		86925DFD1A338FCC0038E701 /* Images.xcassets in Resources */ = {isa = PBXBuildFile; fileRef = 86925DFC1A338FCC0038E701 /* Images.xcassets */; };
		86925E001A338FCC0038E701 /* LaunchScreen.xib in Resources */ = {isa = PBXBuildFile; fileRef = 86925DFE1A338FCC0038E701 /* LaunchScreen.xib */; };
		86925E181A33900E0038E701 /* WDBlurredViewController.m in Sources */ = {isa = PBXBuildFile; fileRef = 86925E171A33900E0038E701 /* WDBlurredViewController.m */; };
		86925E1B1A3390460038E701 /* FirstViewController.m in Sources */ = {isa = PBXBuildFile; fileRef = 86925E1A1A3390460038E701 /* FirstViewController.m */; };
		86925E1E1A3390500038E701 /* SecondViewController.m in Sources */ = {isa = PBXBuildFile; fileRef = 86925E1D1A3390500038E701 /* SecondViewController.m */; };
		86925E241A3391380038E701 /* Demo0.jpg in Resources */ = {isa = PBXBuildFile; fileRef = 86925E201A3391380038E701 /* Demo0.jpg */; };
/* End PBXBuildFile section */

/* Begin PBXFileReference section */
		86925DEC1A338FCC0038E701 /* WDBlurredViewControllerDEMO.app */ = {isa = PBXFileReference; explicitFileType = wrapper.application; includeInIndex = 0; path = WDBlurredViewControllerDEMO.app; sourceTree = BUILT_PRODUCTS_DIR; };
		86925DF01A338FCC0038E701 /* Info.plist */ = {isa = PBXFileReference; lastKnownFileType = text.plist.xml; path = Info.plist; sourceTree = "<group>"; };
		86925DF11A338FCC0038E701 /* main.m */ = {isa = PBXFileReference; lastKnownFileType = sourcecode.c.objc; path = main.m; sourceTree = "<group>"; };
		86925DF31A338FCC0038E701 /* AppDelegate.h */ = {isa = PBXFileReference; lastKnownFileType = sourcecode.c.h; path = AppDelegate.h; sourceTree = "<group>"; };
		86925DF41A338FCC0038E701 /* AppDelegate.m */ = {isa = PBXFileReference; lastKnownFileType = sourcecode.c.objc; path = AppDelegate.m; sourceTree = "<group>"; };
		86925DFA1A338FCC0038E701 /* Base */ = {isa = PBXFileReference; lastKnownFileType = file.storyboard; name = Base; path = Base.lproj/Main.storyboard; sourceTree = "<group>"; };
		86925DFC1A338FCC0038E701 /* Images.xcassets */ = {isa = PBXFileReference; lastKnownFileType = folder.assetcatalog; path = Images.xcassets; sourceTree = "<group>"; };
		86925DFF1A338FCC0038E701 /* Base */ = {isa = PBXFileReference; lastKnownFileType = file.xib; name = Base; path = Base.lproj/LaunchScreen.xib; sourceTree = "<group>"; };
		86925E161A33900E0038E701 /* WDBlurredViewController.h */ = {isa = PBXFileReference; fileEncoding = 4; lastKnownFileType = sourcecode.c.h; path = WDBlurredViewController.h; sourceTree = "<group>"; };
		86925E171A33900E0038E701 /* WDBlurredViewController.m */ = {isa = PBXFileReference; fileEncoding = 4; lastKnownFileType = sourcecode.c.objc; path = WDBlurredViewController.m; sourceTree = "<group>"; };
		86925E191A3390460038E701 /* FirstViewController.h */ = {isa = PBXFileReference; fileEncoding = 4; lastKnownFileType = sourcecode.c.h; path = FirstViewController.h; sourceTree = "<group>"; };
		86925E1A1A3390460038E701 /* FirstViewController.m */ = {isa = PBXFileReference; fileEncoding = 4; lastKnownFileType = sourcecode.c.objc; path = FirstViewController.m; sourceTree = "<group>"; };
		86925E1C1A3390500038E701 /* SecondViewController.h */ = {isa = PBXFileReference; fileEncoding = 4; lastKnownFileType = sourcecode.c.h; path = SecondViewController.h; sourceTree = "<group>"; };
		86925E1D1A3390500038E701 /* SecondViewController.m */ = {isa = PBXFileReference; fileEncoding = 4; lastKnownFileType = sourcecode.c.objc; path = SecondViewController.m; sourceTree = "<group>"; };
		86925E201A3391380038E701 /* Demo0.jpg */ = {isa = PBXFileReference; lastKnownFileType = image.jpeg; path = Demo0.jpg; sourceTree = "<group>"; };
/* End PBXFileReference section */

/* Begin PBXFrameworksBuildPhase section */
		86925DE91A338FCC0038E701 /* Frameworks */ = {
			isa = PBXFrameworksBuildPhase;
			buildActionMask = 2147483647;
			files = (
			);
			runOnlyForDeploymentPostprocessing = 0;
		};
/* End PBXFrameworksBuildPhase section */

/* Begin PBXGroup section */
		86925DE31A338FCC0038E701 = {
			isa = PBXGroup;
			children = (
				86925E151A33900E0038E701 /* Classes */,
				86925DEE1A338FCC0038E701 /* WDBlurredViewControllerDEMO */,
				86925DED1A338FCC0038E701 /* Products */,
			);
			sourceTree = "<group>";
		};
		86925DED1A338FCC0038E701 /* Products */ = {
			isa = PBXGroup;
			children = (
				86925DEC1A338FCC0038E701 /* WDBlurredViewControllerDEMO.app */,
			);
			name = Products;
			sourceTree = "<group>";
		};
		86925DEE1A338FCC0038E701 /* WDBlurredViewControllerDEMO */ = {
			isa = PBXGroup;
			children = (
				86925DF31A338FCC0038E701 /* AppDelegate.h */,
				86925DF41A338FCC0038E701 /* AppDelegate.m */,
				86925E191A3390460038E701 /* FirstViewController.h */,
				86925E1A1A3390460038E701 /* FirstViewController.m */,
				86925E1C1A3390500038E701 /* SecondViewController.h */,
				86925E1D1A3390500038E701 /* SecondViewController.m */,
				86925DEF1A338FCC0038E701 /* Supporting Files */,
			);
			path = WDBlurredViewControllerDEMO;
			sourceTree = "<group>";
		};
		86925DEF1A338FCC0038E701 /* Supporting Files */ = {
			isa = PBXGroup;
			children = (
				86925DF91A338FCC0038E701 /* Main.storyboard */,
				86925E1F1A3391380038E701 /* Resources */,
				86925DFC1A338FCC0038E701 /* Images.xcassets */,
				86925DFE1A338FCC0038E701 /* LaunchScreen.xib */,
				86925DF01A338FCC0038E701 /* Info.plist */,
				86925DF11A338FCC0038E701 /* main.m */,
			);
			name = "Supporting Files";
			sourceTree = "<group>";
		};
		86925E151A33900E0038E701 /* Classes */ = {
			isa = PBXGroup;
			children = (
				86925E161A33900E0038E701 /* WDBlurredViewController.h */,
				86925E171A33900E0038E701 /* WDBlurredViewController.m */,
			);
			name = Classes;
			path = ../Classes;
			sourceTree = "<group>";
		};
		86925E1F1A3391380038E701 /* Resources */ = {
			isa = PBXGroup;
			children = (
				86925E201A3391380038E701 /* Demo0.jpg */,
			);
			path = Resources;
			sourceTree = "<group>";
		};
/* End PBXGroup section */

/* Begin PBXNativeTarget section */
		86925DEB1A338FCC0038E701 /* WDBlurredViewControllerDEMO */ = {
			isa = PBXNativeTarget;
			buildConfigurationList = 86925E0F1A338FCC0038E701 /* Build configuration list for PBXNativeTarget "WDBlurredViewControllerDEMO" */;
			buildPhases = (
				86925DE81A338FCC0038E701 /* Sources */,
				86925DE91A338FCC0038E701 /* Frameworks */,
				86925DEA1A338FCC0038E701 /* Resources */,
			);
			buildRules = (
			);
			dependencies = (
			);
			name = WDBlurredViewControllerDEMO;
			productName = WDBlurredViewControllerDEMO;
			productReference = 86925DEC1A338FCC0038E701 /* WDBlurredViewControllerDEMO.app */;
			productType = "com.apple.product-type.application";
		};
/* End PBXNativeTarget section */

/* Begin PBXProject section */
		86925DE41A338FCC0038E701 /* Project object */ = {
			isa = PBXProject;
			attributes = {
				LastUpgradeCheck = 0610;
				ORGANIZATIONNAME = "Wander World";
				TargetAttributes = {
					86925DEB1A338FCC0038E701 = {
						CreatedOnToolsVersion = 6.1;
					};
				};
			};
			buildConfigurationList = 86925DE71A338FCC0038E701 /* Build configuration list for PBXProject "WDBlurredViewControllerDEMO" */;
			compatibilityVersion = "Xcode 3.2";
			developmentRegion = English;
			hasScannedForEncodings = 0;
			knownRegions = (
				en,
				Base,
			);
			mainGroup = 86925DE31A338FCC0038E701;
			productRefGroup = 86925DED1A338FCC0038E701 /* Products */;
			projectDirPath = "";
			projectRoot = "";
			targets = (
				86925DEB1A338FCC0038E701 /* WDBlurredViewControllerDEMO */,
			);
		};
/* End PBXProject section */

/* Begin PBXResourcesBuildPhase section */
		86925DEA1A338FCC0038E701 /* Resources */ = {
			isa = PBXResourcesBuildPhase;
			buildActionMask = 2147483647;
			files = (
				86925DFB1A338FCC0038E701 /* Main.storyboard in Resources */,
				86925E241A3391380038E701 /* Demo0.jpg in Resources */,
				86925E001A338FCC0038E701 /* LaunchScreen.xib in Resources */,
				86925DFD1A338FCC0038E701 /* Images.xcassets in Resources */,
			);
			runOnlyForDeploymentPostprocessing = 0;
		};
/* End PBXResourcesBuildPhase section */

/* Begin PBXSourcesBuildPhase section */
		86925DE81A338FCC0038E701 /* Sources */ = {
			isa = PBXSourcesBuildPhase;
			buildActionMask = 2147483647;
			files = (
				86925E1E1A3390500038E701 /* SecondViewController.m in Sources */,
				86925DF51A338FCC0038E701 /* AppDelegate.m in Sources */,
				86925E181A33900E0038E701 /* WDBlurredViewController.m in Sources */,
				86925DF21A338FCC0038E701 /* main.m in Sources */,
				86925E1B1A3390460038E701 /* FirstViewController.m in Sources */,
			);
			runOnlyForDeploymentPostprocessing = 0;
		};
/* End PBXSourcesBuildPhase section */

/* Begin PBXVariantGroup section */
		86925DF91A338FCC0038E701 /* Main.storyboard */ = {
			isa = PBXVariantGroup;
			children = (
				86925DFA1A338FCC0038E701 /* Base */,
			);
			name = Main.storyboard;
			sourceTree = "<group>";
		};
		86925DFE1A338FCC0038E701 /* LaunchScreen.xib */ = {
			isa = PBXVariantGroup;
			children = (
				86925DFF1A338FCC0038E701 /* Base */,
			);
			name = LaunchScreen.xib;
			sourceTree = "<group>";
		};
/* End PBXVariantGroup section */

/* Begin XCBuildConfiguration section */
		86925E0D1A338FCC0038E701 /* Debug */ = {
			isa = XCBuildConfiguration;
			buildSettings = {
				ALWAYS_SEARCH_USER_PATHS = NO;
				CLANG_CXX_LANGUAGE_STANDARD = "gnu++0x";
				CLANG_CXX_LIBRARY = "libc++";
				CLANG_ENABLE_MODULES = YES;
				CLANG_ENABLE_OBJC_ARC = YES;
				CLANG_WARN_BOOL_CONVERSION = YES;
				CLANG_WARN_CONSTANT_CONVERSION = YES;
				CLANG_WARN_DIRECT_OBJC_ISA_USAGE = YES_ERROR;
				CLANG_WARN_EMPTY_BODY = YES;
				CLANG_WARN_ENUM_CONVERSION = YES;
				CLANG_WARN_INT_CONVERSION = YES;
				CLANG_WARN_OBJC_ROOT_CLASS = YES_ERROR;
				CLANG_WARN_UNREACHABLE_CODE = YES;
				CLANG_WARN__DUPLICATE_METHOD_MATCH = YES;
				"CODE_SIGN_IDENTITY[sdk=iphoneos*]" = "iPhone Developer";
				COPY_PHASE_STRIP = NO;
				ENABLE_STRICT_OBJC_MSGSEND = YES;
				GCC_C_LANGUAGE_STANDARD = gnu99;
				GCC_DYNAMIC_NO_PIC = NO;
				GCC_OPTIMIZATION_LEVEL = 0;
				GCC_PREPROCESSOR_DEFINITIONS = (
					"DEBUG=1",
					"$(inherited)",
				);
				GCC_SYMBOLS_PRIVATE_EXTERN = NO;
				GCC_WARN_64_TO_32_BIT_CONVERSION = YES;
				GCC_WARN_ABOUT_RETURN_TYPE = YES_ERROR;
				GCC_WARN_UNDECLARED_SELECTOR = YES;
				GCC_WARN_UNINITIALIZED_AUTOS = YES_AGGRESSIVE;
				GCC_WARN_UNUSED_FUNCTION = YES;
				GCC_WARN_UNUSED_VARIABLE = YES;
				IPHONEOS_DEPLOYMENT_TARGET = 8.1;
				MTL_ENABLE_DEBUG_INFO = YES;
				ONLY_ACTIVE_ARCH = YES;
				SDKROOT = iphoneos;
			};
			name = Debug;
		};
		86925E0E1A338FCC0038E701 /* Release */ = {
			isa = XCBuildConfiguration;
			buildSettings = {
				ALWAYS_SEARCH_USER_PATHS = NO;
				CLANG_CXX_LANGUAGE_STANDARD = "gnu++0x";
				CLANG_CXX_LIBRARY = "libc++";
				CLANG_ENABLE_MODULES = YES;
				CLANG_ENABLE_OBJC_ARC = YES;
				CLANG_WARN_BOOL_CONVERSION = YES;
				CLANG_WARN_CONSTANT_CONVERSION = YES;
				CLANG_WARN_DIRECT_OBJC_ISA_USAGE = YES_ERROR;
				CLANG_WARN_EMPTY_BODY = YES;
				CLANG_WARN_ENUM_CONVERSION = YES;
				CLANG_WARN_INT_CONVERSION = YES;
				CLANG_WARN_OBJC_ROOT_CLASS = YES_ERROR;
				CLANG_WARN_UNREACHABLE_CODE = YES;
				CLANG_WARN__DUPLICATE_METHOD_MATCH = YES;
				"CODE_SIGN_IDENTITY[sdk=iphoneos*]" = "iPhone Developer";
				COPY_PHASE_STRIP = YES;
				ENABLE_NS_ASSERTIONS = NO;
				ENABLE_STRICT_OBJC_MSGSEND = YES;
				GCC_C_LANGUAGE_STANDARD = gnu99;
				GCC_WARN_64_TO_32_BIT_CONVERSION = YES;
				GCC_WARN_ABOUT_RETURN_TYPE = YES_ERROR;
				GCC_WARN_UNDECLARED_SELECTOR = YES;
				GCC_WARN_UNINITIALIZED_AUTOS = YES_AGGRESSIVE;
				GCC_WARN_UNUSED_FUNCTION = YES;
				GCC_WARN_UNUSED_VARIABLE = YES;
				IPHONEOS_DEPLOYMENT_TARGET = 8.1;
				MTL_ENABLE_DEBUG_INFO = NO;
				SDKROOT = iphoneos;
				VALIDATE_PRODUCT = YES;
			};
			name = Release;
		};
		86925E101A338FCC0038E701 /* Debug */ = {
			isa = XCBuildConfiguration;
			buildSettings = {
				ASSETCATALOG_COMPILER_APPICON_NAME = AppIcon;
				INFOPLIST_FILE = WDBlurredViewControllerDEMO/Info.plist;
				LD_RUNPATH_SEARCH_PATHS = "$(inherited) @executable_path/Frameworks";
				PRODUCT_NAME = "$(TARGET_NAME)";
			};
			name = Debug;
		};
		86925E111A338FCC0038E701 /* Release */ = {
			isa = XCBuildConfiguration;
			buildSettings = {
				ASSETCATALOG_COMPILER_APPICON_NAME = AppIcon;
				INFOPLIST_FILE = WDBlurredViewControllerDEMO/Info.plist;
				LD_RUNPATH_SEARCH_PATHS = "$(inherited) @executable_path/Frameworks";
				PRODUCT_NAME = "$(TARGET_NAME)";
			};
			name = Release;
		};
/* End XCBuildConfiguration section */

/* Begin XCConfigurationList section */
		86925DE71A338FCC0038E701 /* Build configuration list for PBXProject "WDBlurredViewControllerDEMO" */ = {
			isa = XCConfigurationList;
			buildConfigurations = (
				86925E0D1A338FCC0038E701 /* Debug */,
				86925E0E1A338FCC0038E701 /* Release */,
			);
			defaultConfigurationIsVisible = 0;
			defaultConfigurationName = Release;
		};
		86925E0F1A338FCC0038E701 /* Build configuration list for PBXNativeTarget "WDBlurredViewControllerDEMO" */ = {
			isa = XCConfigurationList;
			buildConfigurations = (
				86925E101A338FCC0038E701 /* Debug */,
				86925E111A338FCC0038E701 /* Release */,
			);
			defaultConfigurationIsVisible = 0;
			defaultConfigurationName = Release;
		};
/* End XCConfigurationList section */
	};
	rootObject = 86925DE41A338FCC0038E701 /* Project object */;
}
